// !$*UTF8*$!
{
	archiveVersion = 1;
	classes = {
	};
	objectVersion = 48;
	objects = {

/* Begin PBXBuildFile section */
		89215D761FD5FB170050B474 /* AddLocationViewController.swift in Sources */ = {isa = PBXBuildFile; fileRef = 89215D751FD5FB170050B474 /* AddLocationViewController.swift */; };
		89215D781FD6048A0050B474 /* CurrentLocationViewController.swift in Sources */ = {isa = PBXBuildFile; fileRef = 89215D771FD6048A0050B474 /* CurrentLocationViewController.swift */; };
		892240411FC21311008E524D /* LocationTableViewController.swift in Sources */ = {isa = PBXBuildFile; fileRef = 892240401FC21311008E524D /* LocationTableViewController.swift */; };
		896BD3351FCB7BEF0006BCF7 /* LocationTableViewCell.swift in Sources */ = {isa = PBXBuildFile; fileRef = 896BD3341FCB7BEF0006BCF7 /* LocationTableViewCell.swift */; };
		898B25FA1FAB972300581A78 /* AppDelegate.swift in Sources */ = {isa = PBXBuildFile; fileRef = 898B25F91FAB972300581A78 /* AppDelegate.swift */; };
		898B25FC1FAB972300581A78 /* LoginViewController.swift in Sources */ = {isa = PBXBuildFile; fileRef = 898B25FB1FAB972300581A78 /* LoginViewController.swift */; };
		898B25FF1FAB972300581A78 /* Main.storyboard in Resources */ = {isa = PBXBuildFile; fileRef = 898B25FD1FAB972300581A78 /* Main.storyboard */; };
		898B26011FAB972300581A78 /* Assets.xcassets in Resources */ = {isa = PBXBuildFile; fileRef = 898B26001FAB972300581A78 /* Assets.xcassets */; };
		898B26041FAB972300581A78 /* LaunchScreen.storyboard in Resources */ = {isa = PBXBuildFile; fileRef = 898B26021FAB972300581A78 /* LaunchScreen.storyboard */; };
		898E78A41FB6434B000E5CF7 /* MapKit.framework in Frameworks */ = {isa = PBXBuildFile; fileRef = 898E78A31FB6431A000E5CF7 /* MapKit.framework */; };
		898E78A61FB76ADB000E5CF7 /* Alerts.swift in Sources */ = {isa = PBXBuildFile; fileRef = 898E78A51FB76ADB000E5CF7 /* Alerts.swift */; };
		898E78A81FBB76A0000E5CF7 /* MapViewController.swift in Sources */ = {isa = PBXBuildFile; fileRef = 898E78A71FBB76A0000E5CF7 /* MapViewController.swift */; };
		898E78AA1FBB8EF4000E5CF7 /* GCDBlackBox.swift in Sources */ = {isa = PBXBuildFile; fileRef = 898E78A91FBB8EF4000E5CF7 /* GCDBlackBox.swift */; };
		89959D111FAE4793008EAD92 /* Constants.swift in Sources */ = {isa = PBXBuildFile; fileRef = 89959D101FAE4793008EAD92 /* Constants.swift */; };
		89959D131FAE4D21008EAD92 /* Client.swift in Sources */ = {isa = PBXBuildFile; fileRef = 89959D121FAE4D21008EAD92 /* Client.swift */; };
		89959D151FAEC656008EAD92 /* StudentLocation.swift in Sources */ = {isa = PBXBuildFile; fileRef = 89959D141FAEC656008EAD92 /* StudentLocation.swift */; };
		89959D171FB51DC1008EAD92 /* SignUpViewController.swift in Sources */ = {isa = PBXBuildFile; fileRef = 89959D161FB51DC1008EAD92 /* SignUpViewController.swift */; };
		89CC88511FBE337F00F5DA8B /* Convenience.swift in Sources */ = {isa = PBXBuildFile; fileRef = 89CC88501FBE337F00F5DA8B /* Convenience.swift */; };
		89CC88531FBE4A8E00F5DA8B /* MainTabBarController.swift in Sources */ = {isa = PBXBuildFile; fileRef = 89CC88521FBE4A8E00F5DA8B /* MainTabBarController.swift */; };
		89CC88561FBE8B0A00F5DA8B /* BorderedButton.swift in Sources */ = {isa = PBXBuildFile; fileRef = 89CC88551FBE8B0A00F5DA8B /* BorderedButton.swift */; };
/* End PBXBuildFile section */

/* Begin PBXFileReference section */
		89215D751FD5FB170050B474 /* AddLocationViewController.swift */ = {isa = PBXFileReference; lastKnownFileType = sourcecode.swift; path = AddLocationViewController.swift; sourceTree = "<group>"; };
		89215D771FD6048A0050B474 /* CurrentLocationViewController.swift */ = {isa = PBXFileReference; lastKnownFileType = sourcecode.swift; path = CurrentLocationViewController.swift; sourceTree = "<group>"; };
		892240401FC21311008E524D /* LocationTableViewController.swift */ = {isa = PBXFileReference; lastKnownFileType = sourcecode.swift; path = LocationTableViewController.swift; sourceTree = "<group>"; };
		896BD3341FCB7BEF0006BCF7 /* LocationTableViewCell.swift */ = {isa = PBXFileReference; lastKnownFileType = sourcecode.swift; path = LocationTableViewCell.swift; sourceTree = "<group>"; };
		898B25F61FAB972300581A78 /* On The Map.app */ = {isa = PBXFileReference; explicitFileType = wrapper.application; includeInIndex = 0; path = "On The Map.app"; sourceTree = BUILT_PRODUCTS_DIR; };
		898B25F91FAB972300581A78 /* AppDelegate.swift */ = {isa = PBXFileReference; lastKnownFileType = sourcecode.swift; path = AppDelegate.swift; sourceTree = "<group>"; };
		898B25FB1FAB972300581A78 /* LoginViewController.swift */ = {isa = PBXFileReference; lastKnownFileType = sourcecode.swift; path = LoginViewController.swift; sourceTree = "<group>"; };
		898B25FE1FAB972300581A78 /* Base */ = {isa = PBXFileReference; lastKnownFileType = file.storyboard; name = Base; path = Base.lproj/Main.storyboard; sourceTree = "<group>"; };
		898B26001FAB972300581A78 /* Assets.xcassets */ = {isa = PBXFileReference; lastKnownFileType = folder.assetcatalog; path = Assets.xcassets; sourceTree = "<group>"; };
		898B26031FAB972300581A78 /* Base */ = {isa = PBXFileReference; lastKnownFileType = file.storyboard; name = Base; path = Base.lproj/LaunchScreen.storyboard; sourceTree = "<group>"; };
		898B26051FAB972300581A78 /* Info.plist */ = {isa = PBXFileReference; lastKnownFileType = text.plist.xml; path = Info.plist; sourceTree = "<group>"; };
		898E78A31FB6431A000E5CF7 /* MapKit.framework */ = {isa = PBXFileReference; lastKnownFileType = wrapper.framework; name = MapKit.framework; path = System/Library/Frameworks/MapKit.framework; sourceTree = SDKROOT; };
		898E78A51FB76ADB000E5CF7 /* Alerts.swift */ = {isa = PBXFileReference; lastKnownFileType = sourcecode.swift; path = Alerts.swift; sourceTree = "<group>"; };
		898E78A71FBB76A0000E5CF7 /* MapViewController.swift */ = {isa = PBXFileReference; lastKnownFileType = sourcecode.swift; path = MapViewController.swift; sourceTree = "<group>"; };
		898E78A91FBB8EF4000E5CF7 /* GCDBlackBox.swift */ = {isa = PBXFileReference; lastKnownFileType = sourcecode.swift; path = GCDBlackBox.swift; sourceTree = "<group>"; };
		89959D101FAE4793008EAD92 /* Constants.swift */ = {isa = PBXFileReference; lastKnownFileType = sourcecode.swift; path = Constants.swift; sourceTree = "<group>"; };
		89959D121FAE4D21008EAD92 /* Client.swift */ = {isa = PBXFileReference; lastKnownFileType = sourcecode.swift; path = Client.swift; sourceTree = "<group>"; };
		89959D141FAEC656008EAD92 /* StudentLocation.swift */ = {isa = PBXFileReference; lastKnownFileType = sourcecode.swift; path = StudentLocation.swift; sourceTree = "<group>"; };
		89959D161FB51DC1008EAD92 /* SignUpViewController.swift */ = {isa = PBXFileReference; lastKnownFileType = sourcecode.swift; path = SignUpViewController.swift; sourceTree = "<group>"; };
		89CC88501FBE337F00F5DA8B /* Convenience.swift */ = {isa = PBXFileReference; lastKnownFileType = sourcecode.swift; path = Convenience.swift; sourceTree = "<group>"; };
		89CC88521FBE4A8E00F5DA8B /* MainTabBarController.swift */ = {isa = PBXFileReference; lastKnownFileType = sourcecode.swift; path = MainTabBarController.swift; sourceTree = "<group>"; };
		89CC88551FBE8B0A00F5DA8B /* BorderedButton.swift */ = {isa = PBXFileReference; lastKnownFileType = sourcecode.swift; path = BorderedButton.swift; sourceTree = "<group>"; };
/* End PBXFileReference section */

/* Begin PBXFrameworksBuildPhase section */
		898B25F31FAB972300581A78 /* Frameworks */ = {
			isa = PBXFrameworksBuildPhase;
			buildActionMask = 2147483647;
			files = (
				898E78A41FB6434B000E5CF7 /* MapKit.framework in Frameworks */,
			);
			runOnlyForDeploymentPostprocessing = 0;
		};
/* End PBXFrameworksBuildPhase section */

/* Begin PBXGroup section */
		898B25ED1FAB972300581A78 = {
			isa = PBXGroup;
			children = (
				898B25F81FAB972300581A78 /* On The Map */,
				898B25F71FAB972300581A78 /* Products */,
				898E78A21FB6431A000E5CF7 /* Frameworks */,
			);
			sourceTree = "<group>";
		};
		898B25F71FAB972300581A78 /* Products */ = {
			isa = PBXGroup;
			children = (
				898B25F61FAB972300581A78 /* On The Map.app */,
			);
			name = Products;
			sourceTree = "<group>";
		};
		898B25F81FAB972300581A78 /* On The Map */ = {
			isa = PBXGroup;
			children = (
				898B25F91FAB972300581A78 /* AppDelegate.swift */,
				898E78A91FBB8EF4000E5CF7 /* GCDBlackBox.swift */,
				898E78A51FB76ADB000E5CF7 /* Alerts.swift */,
				89959D0E1FAE4774008EAD92 /* Model */,
				89CC88541FBE8AEE00F5DA8B /* View */,
				89959D181FB51F8C008EAD92 /* Controller */,
				89959D191FB51FBB008EAD92 /* Assets */,
				89959D1A1FB51FCC008EAD92 /* Supporting Files */,
			);
			path = "On The Map";
			sourceTree = "<group>";
		};
		898E78A21FB6431A000E5CF7 /* Frameworks */ = {
			isa = PBXGroup;
			children = (
				898E78A31FB6431A000E5CF7 /* MapKit.framework */,
			);
			name = Frameworks;
			sourceTree = "<group>";
		};
		89959D0E1FAE4774008EAD92 /* Model */ = {
			isa = PBXGroup;
			children = (
				89959D0F1FAE4780008EAD92 /* Clients */,
				89959D141FAEC656008EAD92 /* StudentLocation.swift */,
			);
			path = Model;
			sourceTree = "<group>";
		};
		89959D0F1FAE4780008EAD92 /* Clients */ = {
			isa = PBXGroup;
			children = (
				89959D101FAE4793008EAD92 /* Constants.swift */,
				89959D121FAE4D21008EAD92 /* Client.swift */,
				89CC88501FBE337F00F5DA8B /* Convenience.swift */,
			);
			path = Clients;
			sourceTree = "<group>";
		};
		89959D181FB51F8C008EAD92 /* Controller */ = {
			isa = PBXGroup;
			children = (
				898B25FB1FAB972300581A78 /* LoginViewController.swift */,
				89959D161FB51DC1008EAD92 /* SignUpViewController.swift */,
				898E78A71FBB76A0000E5CF7 /* MapViewController.swift */,
				892240401FC21311008E524D /* LocationTableViewController.swift */,
				89CC88521FBE4A8E00F5DA8B /* MainTabBarController.swift */,
				89215D751FD5FB170050B474 /* AddLocationViewController.swift */,
				89215D771FD6048A0050B474 /* CurrentLocationViewController.swift */,
			);
			path = Controller;
			sourceTree = "<group>";
		};
		89959D191FB51FBB008EAD92 /* Assets */ = {
			isa = PBXGroup;
			children = (
				898B25FD1FAB972300581A78 /* Main.storyboard */,
				898B26021FAB972300581A78 /* LaunchScreen.storyboard */,
				898B26001FAB972300581A78 /* Assets.xcassets */,
			);
			path = Assets;
			sourceTree = "<group>";
		};
		89959D1A1FB51FCC008EAD92 /* Supporting Files */ = {
			isa = PBXGroup;
			children = (
				898B26051FAB972300581A78 /* Info.plist */,
			);
			path = "Supporting Files";
			sourceTree = "<group>";
		};
		89CC88541FBE8AEE00F5DA8B /* View */ = {
			isa = PBXGroup;
			children = (
				89CC88551FBE8B0A00F5DA8B /* BorderedButton.swift */,
				896BD3341FCB7BEF0006BCF7 /* LocationTableViewCell.swift */,
			);
			path = View;
			sourceTree = "<group>";
		};
/* End PBXGroup section */

/* Begin PBXNativeTarget section */
		898B25F51FAB972300581A78 /* On The Map */ = {
			isa = PBXNativeTarget;
			buildConfigurationList = 898B26081FAB972300581A78 /* Build configuration list for PBXNativeTarget "On The Map" */;
			buildPhases = (
				898B25F21FAB972300581A78 /* Sources */,
				898B25F31FAB972300581A78 /* Frameworks */,
				898B25F41FAB972300581A78 /* Resources */,
			);
			buildRules = (
			);
			dependencies = (
			);
			name = "On The Map";
			productName = "On The Map";
			productReference = 898B25F61FAB972300581A78 /* On The Map.app */;
			productType = "com.apple.product-type.application";
		};
/* End PBXNativeTarget section */

/* Begin PBXProject section */
		898B25EE1FAB972300581A78 /* Project object */ = {
			isa = PBXProject;
			attributes = {
				LastSwiftUpdateCheck = 0900;
				LastUpgradeCheck = 0900;
				ORGANIZATIONNAME = "Jordan Jackson";
				TargetAttributes = {
					898B25F51FAB972300581A78 = {
						CreatedOnToolsVersion = 9.0.1;
						ProvisioningStyle = Automatic;
						SystemCapabilities = {
							com.apple.Maps.iOS = {
								enabled = 1;
							};
						};
					};
				};
			};
			buildConfigurationList = 898B25F11FAB972300581A78 /* Build configuration list for PBXProject "On The Map" */;
			compatibilityVersion = "Xcode 8.0";
			developmentRegion = en;
			hasScannedForEncodings = 0;
			knownRegions = (
				en,
				Base,
			);
			mainGroup = 898B25ED1FAB972300581A78;
			productRefGroup = 898B25F71FAB972300581A78 /* Products */;
			projectDirPath = "";
			projectRoot = "";
			targets = (
				898B25F51FAB972300581A78 /* On The Map */,
			);
		};
/* End PBXProject section */

/* Begin PBXResourcesBuildPhase section */
		898B25F41FAB972300581A78 /* Resources */ = {
			isa = PBXResourcesBuildPhase;
			buildActionMask = 2147483647;
			files = (
				898B26041FAB972300581A78 /* LaunchScreen.storyboard in Resources */,
				898B26011FAB972300581A78 /* Assets.xcassets in Resources */,
				898B25FF1FAB972300581A78 /* Main.storyboard in Resources */,
			);
			runOnlyForDeploymentPostprocessing = 0;
		};
/* End PBXResourcesBuildPhase section */

/* Begin PBXSourcesBuildPhase section */
		898B25F21FAB972300581A78 /* Sources */ = {
			isa = PBXSourcesBuildPhase;
			buildActionMask = 2147483647;
			files = (
				89959D171FB51DC1008EAD92 /* SignUpViewController.swift in Sources */,
				89215D781FD6048A0050B474 /* CurrentLocationViewController.swift in Sources */,
				89CC88511FBE337F00F5DA8B /* Convenience.swift in Sources */,
				89CC88561FBE8B0A00F5DA8B /* BorderedButton.swift in Sources */,
				89CC88531FBE4A8E00F5DA8B /* MainTabBarController.swift in Sources */,
				898B25FC1FAB972300581A78 /* LoginViewController.swift in Sources */,
				898B25FA1FAB972300581A78 /* AppDelegate.swift in Sources */,
				89959D131FAE4D21008EAD92 /* Client.swift in Sources */,
				89215D761FD5FB170050B474 /* AddLocationViewController.swift in Sources */,
				89959D151FAEC656008EAD92 /* StudentLocation.swift in Sources */,
				896BD3351FCB7BEF0006BCF7 /* LocationTableViewCell.swift in Sources */,
				898E78A61FB76ADB000E5CF7 /* Alerts.swift in Sources */,
				89959D111FAE4793008EAD92 /* Constants.swift in Sources */,
				898E78AA1FBB8EF4000E5CF7 /* GCDBlackBox.swift in Sources */,
				898E78A81FBB76A0000E5CF7 /* MapViewController.swift in Sources */,
				892240411FC21311008E524D /* LocationTableViewController.swift in Sources */,
			);
			runOnlyForDeploymentPostprocessing = 0;
		};
/* End PBXSourcesBuildPhase section */

/* Begin PBXVariantGroup section */
		898B25FD1FAB972300581A78 /* Main.storyboard */ = {
			isa = PBXVariantGroup;
			children = (
				898B25FE1FAB972300581A78 /* Base */,
			);
			name = Main.storyboard;
			sourceTree = "<group>";
		};
		898B26021FAB972300581A78 /* LaunchScreen.storyboard */ = {
			isa = PBXVariantGroup;
			children = (
				898B26031FAB972300581A78 /* Base */,
			);
			name = LaunchScreen.storyboard;
			sourceTree = "<group>";
		};
/* End PBXVariantGroup section */

/* Begin XCBuildConfiguration section */
		898B26061FAB972300581A78 /* Debug */ = {
			isa = XCBuildConfiguration;
			buildSettings = {
				ALWAYS_SEARCH_USER_PATHS = NO;
				CLANG_ANALYZER_NONNULL = YES;
				CLANG_ANALYZER_NUMBER_OBJECT_CONVERSION = YES_AGGRESSIVE;
				CLANG_CXX_LANGUAGE_STANDARD = "gnu++14";
				CLANG_CXX_LIBRARY = "libc++";
				CLANG_ENABLE_MODULES = YES;
				CLANG_ENABLE_OBJC_ARC = YES;
				CLANG_WARN_BLOCK_CAPTURE_AUTORELEASING = YES;
				CLANG_WARN_BOOL_CONVERSION = YES;
				CLANG_WARN_COMMA = YES;
				CLANG_WARN_CONSTANT_CONVERSION = YES;
				CLANG_WARN_DIRECT_OBJC_ISA_USAGE = YES_ERROR;
				CLANG_WARN_DOCUMENTATION_COMMENTS = YES;
				CLANG_WARN_EMPTY_BODY = YES;
				CLANG_WARN_ENUM_CONVERSION = YES;
				CLANG_WARN_INFINITE_RECURSION = YES;
				CLANG_WARN_INT_CONVERSION = YES;
				CLANG_WARN_NON_LITERAL_NULL_CONVERSION = YES;
				CLANG_WARN_OBJC_LITERAL_CONVERSION = YES;
				CLANG_WARN_OBJC_ROOT_CLASS = YES_ERROR;
				CLANG_WARN_RANGE_LOOP_ANALYSIS = YES;
				CLANG_WARN_STRICT_PROTOTYPES = YES;
				CLANG_WARN_SUSPICIOUS_MOVE = YES;
				CLANG_WARN_UNGUARDED_AVAILABILITY = YES_AGGRESSIVE;
				CLANG_WARN_UNREACHABLE_CODE = YES;
				CLANG_WARN__DUPLICATE_METHOD_MATCH = YES;
				CODE_SIGN_IDENTITY = "iPhone Developer";
				COPY_PHASE_STRIP = NO;
				DEBUG_INFORMATION_FORMAT = dwarf;
				ENABLE_STRICT_OBJC_MSGSEND = YES;
				ENABLE_TESTABILITY = YES;
				GCC_C_LANGUAGE_STANDARD = gnu11;
				GCC_DYNAMIC_NO_PIC = NO;
				GCC_NO_COMMON_BLOCKS = YES;
				GCC_OPTIMIZATION_LEVEL = 0;
				GCC_PREPROCESSOR_DEFINITIONS = (
					"DEBUG=1",
					"$(inherited)",
				);
				GCC_WARN_64_TO_32_BIT_CONVERSION = YES;
				GCC_WARN_ABOUT_RETURN_TYPE = YES_ERROR;
				GCC_WARN_UNDECLARED_SELECTOR = YES;
				GCC_WARN_UNINITIALIZED_AUTOS = YES_AGGRESSIVE;
				GCC_WARN_UNUSED_FUNCTION = YES;
				GCC_WARN_UNUSED_VARIABLE = YES;
				IPHONEOS_DEPLOYMENT_TARGET = 11.0;
				MTL_ENABLE_DEBUG_INFO = YES;
				ONLY_ACTIVE_ARCH = YES;
				SDKROOT = iphoneos;
				SWIFT_ACTIVE_COMPILATION_CONDITIONS = DEBUG;
				SWIFT_OPTIMIZATION_LEVEL = "-Onone";
			};
			name = Debug;
		};
		898B26071FAB972300581A78 /* Release */ = {
			isa = XCBuildConfiguration;
			buildSettings = {
				ALWAYS_SEARCH_USER_PATHS = NO;
				CLANG_ANALYZER_NONNULL = YES;
				CLANG_ANALYZER_NUMBER_OBJECT_CONVERSION = YES_AGGRESSIVE;
				CLANG_CXX_LANGUAGE_STANDARD = "gnu++14";
				CLANG_CXX_LIBRARY = "libc++";
				CLANG_ENABLE_MODULES = YES;
				CLANG_ENABLE_OBJC_ARC = YES;
				CLANG_WARN_BLOCK_CAPTURE_AUTORELEASING = YES;
				CLANG_WARN_BOOL_CONVERSION = YES;
				CLANG_WARN_COMMA = YES;
				CLANG_WARN_CONSTANT_CONVERSION = YES;
				CLANG_WARN_DIRECT_OBJC_ISA_USAGE = YES_ERROR;
				CLANG_WARN_DOCUMENTATION_COMMENTS = YES;
				CLANG_WARN_EMPTY_BODY = YES;
				CLANG_WARN_ENUM_CONVERSION = YES;
				CLANG_WARN_INFINITE_RECURSION = YES;
				CLANG_WARN_INT_CONVERSION = YES;
				CLANG_WARN_NON_LITERAL_NULL_CONVERSION = YES;
				CLANG_WARN_OBJC_LITERAL_CONVERSION = YES;
				CLANG_WARN_OBJC_ROOT_CLASS = YES_ERROR;
				CLANG_WARN_RANGE_LOOP_ANALYSIS = YES;
				CLANG_WARN_STRICT_PROTOTYPES = YES;
				CLANG_WARN_SUSPICIOUS_MOVE = YES;
				CLANG_WARN_UNGUARDED_AVAILABILITY = YES_AGGRESSIVE;
				CLANG_WARN_UNREACHABLE_CODE = YES;
				CLANG_WARN__DUPLICATE_METHOD_MATCH = YES;
				CODE_SIGN_IDENTITY = "iPhone Developer";
				COPY_PHASE_STRIP = NO;
				DEBUG_INFORMATION_FORMAT = "dwarf-with-dsym";
				ENABLE_NS_ASSERTIONS = NO;
				ENABLE_STRICT_OBJC_MSGSEND = YES;
				GCC_C_LANGUAGE_STANDARD = gnu11;
				GCC_NO_COMMON_BLOCKS = YES;
				GCC_WARN_64_TO_32_BIT_CONVERSION = YES;
				GCC_WARN_ABOUT_RETURN_TYPE = YES_ERROR;
				GCC_WARN_UNDECLARED_SELECTOR = YES;
				GCC_WARN_UNINITIALIZED_AUTOS = YES_AGGRESSIVE;
				GCC_WARN_UNUSED_FUNCTION = YES;
				GCC_WARN_UNUSED_VARIABLE = YES;
				IPHONEOS_DEPLOYMENT_TARGET = 11.0;
				MTL_ENABLE_DEBUG_INFO = NO;
				SDKROOT = iphoneos;
				SWIFT_OPTIMIZATION_LEVEL = "-Owholemodule";
				VALIDATE_PRODUCT = YES;
			};
			name = Release;
		};
		898B26091FAB972300581A78 /* Debug */ = {
			isa = XCBuildConfiguration;
			buildSettings = {
				ASSETCATALOG_COMPILER_APPICON_NAME = AppIcon;
				CODE_SIGN_STYLE = Automatic;
				DEVELOPMENT_TEAM = 6NF5PFY3LC;
				INFOPLIST_FILE = "$(SRCROOT)/On The Map/Supporting Files/Info.plist";
				LD_RUNPATH_SEARCH_PATHS = "$(inherited) @executable_path/Frameworks";
				PRODUCT_BUNDLE_IDENTIFIER = "com.Puricode.On-The-Map";
				PRODUCT_NAME = "$(TARGET_NAME)";
				SWIFT_VERSION = 4.0;
				TARGETED_DEVICE_FAMILY = 1;
			};
			name = Debug;
		};
		898B260A1FAB972300581A78 /* Release */ = {
			isa = XCBuildConfiguration;
			buildSettings = {
				ASSETCATALOG_COMPILER_APPICON_NAME = AppIcon;
				CODE_SIGN_STYLE = Automatic;
				DEVELOPMENT_TEAM = 6NF5PFY3LC;
				INFOPLIST_FILE = "$(SRCROOT)/On The Map/Supporting Files/Info.plist";
				LD_RUNPATH_SEARCH_PATHS = "$(inherited) @executable_path/Frameworks";
				PRODUCT_BUNDLE_IDENTIFIER = "com.Puricode.On-The-Map";
				PRODUCT_NAME = "$(TARGET_NAME)";
				SWIFT_VERSION = 4.0;
				TARGETED_DEVICE_FAMILY = 1;
			};
			name = Release;
		};
/* End XCBuildConfiguration section */

/* Begin XCConfigurationList section */
		898B25F11FAB972300581A78 /* Build configuration list for PBXProject "On The Map" */ = {
			isa = XCConfigurationList;
			buildConfigurations = (
				898B26061FAB972300581A78 /* Debug */,
				898B26071FAB972300581A78 /* Release */,
			);
			defaultConfigurationIsVisible = 0;
			defaultConfigurationName = Release;
		};
		898B26081FAB972300581A78 /* Build configuration list for PBXNativeTarget "On The Map" */ = {
			isa = XCConfigurationList;
			buildConfigurations = (
				898B26091FAB972300581A78 /* Debug */,
				898B260A1FAB972300581A78 /* Release */,
			);
			defaultConfigurationIsVisible = 0;
			defaultConfigurationName = Release;
		};
/* End XCConfigurationList section */
	};
	rootObject = 898B25EE1FAB972300581A78 /* Project object */;
}
